lockfileVersion: '6.0'

dependencies:
  '@antv/data-set':
    specifier: ^0.11.8
    version: registry.npmmirror.com/@antv/data-set@0.11.8
  '@antv/g2':
    specifier: ^4.2.10
    version: registry.npmmirror.com/@antv/g2@4.2.10
  echarts:
    specifier: ^5.4.2
    version: registry.npmmirror.com/echarts@5.4.2
  vue-echarts:
    specifier: ^6.5.5
    version: registry.npmmirror.com/vue-echarts@6.5.5(echarts@5.4.2)(vue@3.3.4)

packages:

  /@babel/helper-string-parser@7.21.5:
    resolution: {integrity: sha512-5pTUx3hAJaZIdW99sJ6ZUUgWq/Y+Hja7TowEnLNMm1VivRgZQL3vpBY3qUACVsvw+yQU6+YgfBVmcbLaZtrA1w==}
    engines: {node: '>=6.9.0'}
    dev: false

  /@babel/helper-validator-identifier@7.19.1:
    resolution: {integrity: sha512-awrNfaMtnHUr653GgGEs++LlAvW6w+DcPrOliSMXWCKo597CwL5Acf/wWdNkf/tfEQE3mjkeD1YOVZOUV/od1w==}
    engines: {node: '>=6.9.0'}
    dev: false

  /@babel/parser@7.22.4:
    resolution: {integrity: sha512-VLLsx06XkEYqBtE5YGPwfSGwfrjnyPP5oiGty3S8pQLFDFLaS8VwWSIxkTXpcvr5zeYLE6+MBNl2npl/YnfofA==}
    engines: {node: '>=6.0.0'}
    hasBin: true
    dependencies:
      '@babel/types': 7.22.4
    dev: false

  /@babel/types@7.22.4:
    resolution: {integrity: sha512-Tx9x3UBHTTsMSW85WB2kphxYQVvrZ/t1FxD88IpSgIjiUJlCm9z+xWIDwyo1vffTwSqteqyznB8ZE9vYYk16zA==}
    engines: {node: '>=6.9.0'}
    dependencies:
      '@babel/helper-string-parser': 7.21.5
      '@babel/helper-validator-identifier': 7.19.1
      to-fast-properties: 2.0.0
    dev: false

  /@jridgewell/sourcemap-codec@1.4.15:
    resolution: {integrity: sha512-eF2rxCRulEKXHTRiDrDy6erMYWqNw4LPdQ8UQA4huuxaQsVeRPFl2oM8oDGxMFhJUWZf9McpLtJasDDZb/Bpeg==}
    dev: false

  /@vue/compiler-core@3.3.4:
    resolution: {integrity: sha512-cquyDNvZ6jTbf/+x+AgM2Arrp6G4Dzbb0R64jiG804HRMfRiFXWI6kqUVqZ6ZR0bQhIoQjB4+2bhNtVwndW15g==}
    dependencies:
      '@babel/parser': 7.22.4
      '@vue/shared': 3.3.4
      estree-walker: 2.0.2
      source-map-js: 1.0.2
    dev: false

  /@vue/compiler-dom@3.3.4:
    resolution: {integrity: sha512-wyM+OjOVpuUukIq6p5+nwHYtj9cFroz9cwkfmP9O1nzH68BenTTv0u7/ndggT8cIQlnBeOo6sUT/gvHcIkLA5w==}
    dependencies:
      '@vue/compiler-core': 3.3.4
      '@vue/shared': 3.3.4
    dev: false

  /@vue/compiler-sfc@3.3.4:
    resolution: {integrity: sha512-6y/d8uw+5TkCuzBkgLS0v3lSM3hJDntFEiUORM11pQ/hKvkhSKZrXW6i69UyXlJQisJxuUEJKAWEqWbWsLeNKQ==}
    dependencies:
      '@babel/parser': 7.22.4
      '@vue/compiler-core': 3.3.4
      '@vue/compiler-dom': 3.3.4
      '@vue/compiler-ssr': 3.3.4
      '@vue/reactivity-transform': 3.3.4
      '@vue/shared': 3.3.4
      estree-walker: 2.0.2
      magic-string: 0.30.0
      postcss: 8.4.24
      source-map-js: 1.0.2
    dev: false

  /@vue/compiler-ssr@3.3.4:
    resolution: {integrity: sha512-m0v6oKpup2nMSehwA6Uuu+j+wEwcy7QmwMkVNVfrV9P2qE5KshC6RwOCq8fjGS/Eak/uNb8AaWekfiXxbBB6gQ==}
    dependencies:
      '@vue/compiler-dom': 3.3.4
      '@vue/shared': 3.3.4
    dev: false

  /@vue/reactivity-transform@3.3.4:
    resolution: {integrity: sha512-MXgwjako4nu5WFLAjpBnCj/ieqcjE2aJBINUNQzkZQfzIZA4xn+0fV1tIYBJvvva3N3OvKGofRLvQIwEQPpaXw==}
    dependencies:
      '@babel/parser': 7.22.4
      '@vue/compiler-core': 3.3.4
      '@vue/shared': 3.3.4
      estree-walker: 2.0.2
      magic-string: 0.30.0
    dev: false

  /@vue/reactivity@3.3.4:
    resolution: {integrity: sha512-kLTDLwd0B1jG08NBF3R5rqULtv/f8x3rOFByTDz4J53ttIQEDmALqKqXY0J+XQeN0aV2FBxY8nJDf88yvOPAqQ==}
    dependencies:
      '@vue/shared': 3.3.4
    dev: false

  /@vue/runtime-core@3.3.4:
    resolution: {integrity: sha512-R+bqxMN6pWO7zGI4OMlmvePOdP2c93GsHFM/siJI7O2nxFRzj55pLwkpCedEY+bTMgp5miZ8CxfIZo3S+gFqvA==}
    dependencies:
      '@vue/reactivity': 3.3.4
      '@vue/shared': 3.3.4
    dev: false

  /@vue/runtime-dom@3.3.4:
    resolution: {integrity: sha512-Aj5bTJ3u5sFsUckRghsNjVTtxZQ1OyMWCr5dZRAPijF/0Vy4xEoRCwLyHXcj4D0UFbJ4lbx3gPTgg06K/GnPnQ==}
    dependencies:
      '@vue/runtime-core': 3.3.4
      '@vue/shared': 3.3.4
      csstype: 3.1.2
    dev: false

  /@vue/server-renderer@3.3.4(vue@3.3.4):
    resolution: {integrity: sha512-Q6jDDzR23ViIb67v+vM1Dqntu+HUexQcsWKhhQa4ARVzxOY2HbC7QRW/ggkDBd5BU+uM1sV6XOAP0b216o34JQ==}
    peerDependencies:
      vue: 3.3.4
    dependencies:
      '@vue/compiler-ssr': 3.3.4
      '@vue/shared': 3.3.4
      vue: 3.3.4
    dev: false

  /@vue/shared@3.3.4:
    resolution: {integrity: sha512-7OjdcV8vQ74eiz1TZLzZP4JwqM5fA94K6yntPS5Z25r9HDuGNzaGdgvwKYq6S+MxwF0TFRwe50fIR/MYnakdkQ==}
    dev: false

  /csstype@3.1.2:
    resolution: {integrity: sha512-I7K1Uu0MBPzaFKg4nI5Q7Vs2t+3gWWW648spaF+Rg7pI9ds18Ugn+lvg4SHczUdKlHI5LWBXyqfS8+DufyBsgQ==}
    dev: false

  /estree-walker@2.0.2:
    resolution: {integrity: sha512-Rfkk/Mp/DL7JVje3u18FxFujQlTNR2q6QfMSMB7AvCBx91NGj/ba3kCfza0f6dVDbw7YlRf/nDrn7pQrCCyQ/w==}
    dev: false

  /magic-string@0.30.0:
    resolution: {integrity: sha512-LA+31JYDJLs82r2ScLrlz1GjSgu66ZV518eyWT+S8VhyQn/JL0u9MeBOvQMGYiPk1DBiSN9DDMOcXvigJZaViQ==}
    engines: {node: '>=12'}
    dependencies:
      '@jridgewell/sourcemap-codec': 1.4.15
    dev: false

  /nanoid@3.3.6:
    resolution: {integrity: sha512-BGcqMMJuToF7i1rt+2PWSNVnWIkGCU78jBG3RxO/bZlnZPK2Cmi2QaffxGO/2RvWi9sL+FAiRiXMgsyxQ1DIDA==}
    engines: {node: ^10 || ^12 || ^13.7 || ^14 || >=15.0.1}
    hasBin: true
    dev: false

  /picocolors@1.0.0:
    resolution: {integrity: sha512-1fygroTLlHu66zi26VoTDv8yRgm0Fccecssto+MhsZ0D/DGW2sm8E8AjW7NU5VVTRt5GxbeZ5qBuJr+HyLYkjQ==}
    dev: false

  /postcss@8.4.24:
    resolution: {integrity: sha512-M0RzbcI0sO/XJNucsGjvWU9ERWxb/ytp1w6dKtxTKgixdtQDq4rmx/g8W1hnaheq9jgwL/oyEdH5Bc4WwJKMqg==}
    engines: {node: ^10 || ^12 || >=14}
    dependencies:
      nanoid: 3.3.6
      picocolors: 1.0.0
      source-map-js: 1.0.2
    dev: false

  /source-map-js@1.0.2:
    resolution: {integrity: sha512-R0XvVJ9WusLiqTCEiGCmICCMplcCkIwwR11mOSD9CR5u+IXYdiseeEuXCVAjS54zqwkLcPNnmU4OeJ6tUrWhDw==}
    engines: {node: '>=0.10.0'}
    dev: false

  /to-fast-properties@2.0.0:
    resolution: {integrity: sha512-/OaKK0xYrs3DmxRYqL/yDc+FxFUVYhDlXMhRmv3z915w2HF1tnN1omB354j8VUGO/hbRzyD6Y3sA7v7GS/ceog==}
    engines: {node: '>=4'}
    dev: false

  /vue@3.3.4:
    resolution: {integrity: sha512-VTyEYn3yvIeY1Py0WaYGZsXnz3y5UnGi62GjVEqvEGPl6nxbOrCXbVOTQWBEJUqAyTUk2uJ5JLVnYJ6ZzGbrSw==}
    dependencies:
      '@vue/compiler-dom': 3.3.4
      '@vue/compiler-sfc': 3.3.4
      '@vue/runtime-dom': 3.3.4
      '@vue/server-renderer': 3.3.4(vue@3.3.4)
      '@vue/shared': 3.3.4
    dev: false

  registry.npmmirror.com/@antv/adjust@0.2.5:
    resolution: {integrity: sha512-MfWZOkD9CqXRES6MBGRNe27Q577a72EIwyMnE29wIlPliFvJfWwsrONddpGU7lilMpVKecS3WAzOoip3RfPTRQ==, registry: https://registry.npmjs.org/, tarball: https://registry.npmmirror.com/@antv/adjust/-/adjust-0.2.5.tgz}
    name: '@antv/adjust'
    version: 0.2.5
    dependencies:
      '@antv/util': registry.npmmirror.com/@antv/util@2.0.17
      tslib: registry.npmmirror.com/tslib@1.14.1
    dev: false

  registry.npmmirror.com/@antv/attr@0.3.5:
    resolution: {integrity: sha512-wuj2gUo6C8Q2ASSMrVBuTcb5LcV+Tc0Egiy6bC42D0vxcQ+ta13CLxgMmHz8mjD0FxTPJDXSciyszRSC5TdLsg==, registry: https://registry.npmjs.org/, tarball: https://registry.npmmirror.com/@antv/attr/-/attr-0.3.5.tgz}
    name: '@antv/attr'
    version: 0.3.5
    dependencies:
      '@antv/color-util': registry.npmmirror.com/@antv/color-util@2.0.6
      '@antv/scale': registry.npmmirror.com/@antv/scale@0.3.18
      '@antv/util': registry.npmmirror.com/@antv/util@2.0.17
      tslib: registry.npmmirror.com/tslib@2.5.3
    dev: false

  registry.npmmirror.com/@antv/color-util@2.0.6:
    resolution: {integrity: sha512-KnPEaAH+XNJMjax9U35W67nzPI+QQ2x27pYlzmSIWrbj4/k8PGrARXfzDTjwoozHJY8qG62Z+Ww6Alhu2FctXQ==, registry: https://registry.npmjs.org/, tarball: https://registry.npmmirror.com/@antv/color-util/-/color-util-2.0.6.tgz}
    name: '@antv/color-util'
    version: 2.0.6
    dependencies:
      '@antv/util': registry.npmmirror.com/@antv/util@2.0.17
      tslib: registry.npmmirror.com/tslib@2.5.3
    dev: false

  registry.npmmirror.com/@antv/component@0.8.34:
    resolution: {integrity: sha512-dCQ6mGDNEE8eGcXCN8n0kZcx/k+xnOzkGJg9UNDfxawPP1wZ+4zVFXSaHpaqIFAamS4Rz8YHsSFXAj8HuBCbIQ==, registry: https://registry.npmjs.org/, tarball: https://registry.npmmirror.com/@antv/component/-/component-0.8.34.tgz}
    name: '@antv/component'
    version: 0.8.34
    dependencies:
      '@antv/color-util': registry.npmmirror.com/@antv/color-util@2.0.6
      '@antv/dom-util': registry.npmmirror.com/@antv/dom-util@2.0.4
      '@antv/g-base': registry.npmmirror.com/@antv/g-base@0.5.15
      '@antv/matrix-util': registry.npmmirror.com/@antv/matrix-util@3.1.0-beta.3
      '@antv/path-util': registry.npmmirror.com/@antv/path-util@2.0.15
      '@antv/scale': registry.npmmirror.com/@antv/scale@0.3.18
      '@antv/util': registry.npmmirror.com/@antv/util@2.0.17
      fecha: registry.npmmirror.com/fecha@4.2.3
      tslib: registry.npmmirror.com/tslib@2.5.3
    dev: false

  registry.npmmirror.com/@antv/coord@0.3.1:
    resolution: {integrity: sha512-rFE94C8Xzbx4xmZnHh2AnlB3Qm1n5x0VT3OROy257IH6Rm4cuzv1+tZaUBATviwZd99S+rOY9telw/+6C9GbRw==, registry: https://registry.npmjs.org/, tarball: https://registry.npmmirror.com/@antv/coord/-/coord-0.3.1.tgz}
    name: '@antv/coord'
    version: 0.3.1
    dependencies:
      '@antv/matrix-util': registry.npmmirror.com/@antv/matrix-util@3.1.0-beta.3
      '@antv/util': registry.npmmirror.com/@antv/util@2.0.17
      tslib: registry.npmmirror.com/tslib@2.5.3
    dev: false

  registry.npmmirror.com/@antv/data-set@0.11.8:
    resolution: {integrity: sha512-8/YDsfk4wNQdo/J9tfmzOuo9Y5nl0mB+sSZO+tEZsHFLUhMrioJGBMPkuW51Pn0zcVZPNivuMBi2sQKYCpCeew==, registry: https://registry.npmjs.org/, tarball: https://registry.npmmirror.com/@antv/data-set/-/data-set-0.11.8.tgz}
    name: '@antv/data-set'
    version: 0.11.8
    dependencies:
      '@antv/hierarchy': registry.npmmirror.com/@antv/hierarchy@0.6.11
      '@antv/util': registry.npmmirror.com/@antv/util@2.0.17
      d3-composite-projections: registry.npmmirror.com/d3-composite-projections@1.4.0
      d3-dsv: registry.npmmirror.com/d3-dsv@1.2.0
      d3-geo: registry.npmmirror.com/d3-geo@1.6.4
      d3-geo-projection: registry.npmmirror.com/d3-geo-projection@2.1.2
      d3-hexjson: registry.npmmirror.com/d3-hexjson@1.1.1
      d3-hierarchy: registry.npmmirror.com/d3-hierarchy@1.1.9
      d3-sankey: registry.npmmirror.com/d3-sankey@0.9.1
      d3-voronoi: registry.npmmirror.com/d3-voronoi@1.1.4
      dagre: registry.npmmirror.com/dagre@0.8.5
      point-at-length: registry.npmmirror.com/point-at-length@1.1.0
      regression: registry.npmmirror.com/regression@2.0.1
      simple-statistics: registry.npmmirror.com/simple-statistics@6.1.1
      topojson-client: registry.npmmirror.com/topojson-client@3.1.0
      wolfy87-eventemitter: registry.npmmirror.com/wolfy87-eventemitter@5.2.9
    dev: false

  registry.npmmirror.com/@antv/dom-util@2.0.4:
    resolution: {integrity: sha512-2shXUl504fKwt82T3GkuT4Uoc6p9qjCKnJ8gXGLSW4T1W37dqf9AV28aCfoVPHp2BUXpSsB+PAJX2rG/jLHsLQ==, registry: https://registry.npmjs.org/, tarball: https://registry.npmmirror.com/@antv/dom-util/-/dom-util-2.0.4.tgz}
    name: '@antv/dom-util'
    version: 2.0.4
    dependencies:
      tslib: registry.npmmirror.com/tslib@2.5.3
    dev: false

  registry.npmmirror.com/@antv/event-emitter@0.1.3:
    resolution: {integrity: sha512-4ddpsiHN9Pd4UIlWuKVK1C4IiZIdbwQvy9i7DUSI3xNJ89FPUFt8lxDYj8GzzfdllV0NkJTRxnG+FvLk0llidg==, registry: https://registry.npmjs.org/, tarball: https://registry.npmmirror.com/@antv/event-emitter/-/event-emitter-0.1.3.tgz}
    name: '@antv/event-emitter'
    version: 0.1.3
    dev: false

  registry.npmmirror.com/@antv/g-base@0.5.15:
    resolution: {integrity: sha512-QOtq50QpnKez9J75/Z8j2yZ7QDQdk8R8mVQJiHtaEO5eI7DM4ZbrsWff/Ew26JYmPWdq7nbRuARMAD4PX9uuLA==, registry: https://registry.npmjs.org/, tarball: https://registry.npmmirror.com/@antv/g-base/-/g-base-0.5.15.tgz}
    name: '@antv/g-base'
    version: 0.5.15
    dependencies:
      '@antv/event-emitter': registry.npmmirror.com/@antv/event-emitter@0.1.3
      '@antv/g-math': registry.npmmirror.com/@antv/g-math@0.1.9
      '@antv/matrix-util': registry.npmmirror.com/@antv/matrix-util@3.1.0-beta.3
      '@antv/path-util': registry.npmmirror.com/@antv/path-util@2.0.15
      '@antv/util': registry.npmmirror.com/@antv/util@2.0.17
      '@types/d3-timer': registry.npmmirror.com/@types/d3-timer@2.0.1
      d3-ease: registry.npmmirror.com/d3-ease@1.0.7
      d3-interpolate: registry.npmmirror.com/d3-interpolate@3.0.1
      d3-timer: registry.npmmirror.com/d3-timer@1.0.10
      detect-browser: registry.npmmirror.com/detect-browser@5.3.0
      tslib: registry.npmmirror.com/tslib@2.5.3
    dev: false

  registry.npmmirror.com/@antv/g-canvas@0.5.14:
    resolution: {integrity: sha512-IUGLEMIMAUYgaBMT8h3FTmYQYz7sjQkKWwh6Psqx+UPK86fySa+G8fMRrh1EqAL07jVB+GRnn6Ym+3FoFUgeFg==, registry: https://registry.npmjs.org/, tarball: https://registry.npmmirror.com/@antv/g-canvas/-/g-canvas-0.5.14.tgz}
    name: '@antv/g-canvas'
    version: 0.5.14
    dependencies:
      '@antv/g-base': registry.npmmirror.com/@antv/g-base@0.5.15
      '@antv/g-math': registry.npmmirror.com/@antv/g-math@0.1.9
      '@antv/matrix-util': registry.npmmirror.com/@antv/matrix-util@3.1.0-beta.3
      '@antv/path-util': registry.npmmirror.com/@antv/path-util@2.0.15
      '@antv/util': registry.npmmirror.com/@antv/util@2.0.17
      gl-matrix: registry.npmmirror.com/gl-matrix@3.4.3
      tslib: registry.npmmirror.com/tslib@2.5.3
    dev: false

  registry.npmmirror.com/@antv/g-math@0.1.9:
    resolution: {integrity: sha512-KHMSfPfZ5XHM1PZnG42Q2gxXfOitYveNTA7L61lR6mhZ8Y/aExsYmHqaKBsSarU0z+6WLrl9C07PQJZaw0uljQ==, registry: https://registry.npmjs.org/, tarball: https://registry.npmmirror.com/@antv/g-math/-/g-math-0.1.9.tgz}
    name: '@antv/g-math'
    version: 0.1.9
    dependencies:
      '@antv/util': registry.npmmirror.com/@antv/util@2.0.17
      gl-matrix: registry.npmmirror.com/gl-matrix@3.4.3
    dev: false

  registry.npmmirror.com/@antv/g-svg@0.5.7:
    resolution: {integrity: sha512-jUbWoPgr4YNsOat2Y/rGAouNQYGpw4R0cvlN0YafwOyacFFYy2zC8RslNd6KkPhhR3XHNSqJOuCYZj/YmLUwYw==, registry: https://registry.npmjs.org/, tarball: https://registry.npmmirror.com/@antv/g-svg/-/g-svg-0.5.7.tgz}
    name: '@antv/g-svg'
    version: 0.5.7
    dependencies:
      '@antv/g-base': registry.npmmirror.com/@antv/g-base@0.5.15
      '@antv/g-math': registry.npmmirror.com/@antv/g-math@0.1.9
      '@antv/util': registry.npmmirror.com/@antv/util@2.0.17
      detect-browser: registry.npmmirror.com/detect-browser@5.3.0
      tslib: registry.npmmirror.com/tslib@2.5.3
    dev: false

  registry.npmmirror.com/@antv/g2@4.2.10:
    resolution: {integrity: sha512-/ZlJ/DFJBCvtEQgE6roxdd6sBml0fZ8ZVfzG+HdjGpA7/ceURb8XkxUcqa0E8NV+e4sFijnaAhBCdUm2whiuyA==, registry: https://registry.npmjs.org/, tarball: https://registry.npmmirror.com/@antv/g2/-/g2-4.2.10.tgz}
    name: '@antv/g2'
    version: 4.2.10
    dependencies:
      '@antv/adjust': registry.npmmirror.com/@antv/adjust@0.2.5
      '@antv/attr': registry.npmmirror.com/@antv/attr@0.3.5
      '@antv/color-util': registry.npmmirror.com/@antv/color-util@2.0.6
      '@antv/component': registry.npmmirror.com/@antv/component@0.8.34
      '@antv/coord': registry.npmmirror.com/@antv/coord@0.3.1
      '@antv/dom-util': registry.npmmirror.com/@antv/dom-util@2.0.4
      '@antv/event-emitter': registry.npmmirror.com/@antv/event-emitter@0.1.3
      '@antv/g-base': registry.npmmirror.com/@antv/g-base@0.5.15
      '@antv/g-canvas': registry.npmmirror.com/@antv/g-canvas@0.5.14
      '@antv/g-svg': registry.npmmirror.com/@antv/g-svg@0.5.7
      '@antv/matrix-util': registry.npmmirror.com/@antv/matrix-util@3.1.0-beta.3
      '@antv/path-util': registry.npmmirror.com/@antv/path-util@2.0.15
      '@antv/scale': registry.npmmirror.com/@antv/scale@0.3.18
      '@antv/util': registry.npmmirror.com/@antv/util@2.0.17
      tslib: registry.npmmirror.com/tslib@2.5.3
    dev: false

  registry.npmmirror.com/@antv/hierarchy@0.6.11:
    resolution: {integrity: sha512-RJVhEMCuu4vj+Dt25lXIiNdd7jaqm/fqWGYikiELha4S5tnzdJoTUaUvvpfWlxLx4B0RsS9XRwBs1bOKN71TKg==, registry: https://registry.npmjs.org/, tarball: https://registry.npmmirror.com/@antv/hierarchy/-/hierarchy-0.6.11.tgz}
    name: '@antv/hierarchy'
    version: 0.6.11
    dependencies:
      '@antv/util': registry.npmmirror.com/@antv/util@2.0.17
    dev: false

  registry.npmmirror.com/@antv/matrix-util@3.0.4:
    resolution: {integrity: sha512-BAPyu6dUliHcQ7fm9hZSGKqkwcjEDVLVAstlHULLvcMZvANHeLXgHEgV7JqcAV/GIhIz8aZChIlzM1ZboiXpYQ==, registry: https://registry.npmjs.org/, tarball: https://registry.npmmirror.com/@antv/matrix-util/-/matrix-util-3.0.4.tgz}
    name: '@antv/matrix-util'
    version: 3.0.4
    dependencies:
      '@antv/util': registry.npmmirror.com/@antv/util@2.0.17
      gl-matrix: registry.npmmirror.com/gl-matrix@3.4.3
      tslib: registry.npmmirror.com/tslib@2.5.3
    dev: false

  registry.npmmirror.com/@antv/matrix-util@3.1.0-beta.3:
    resolution: {integrity: sha512-W2R6Za3A6CmG51Y/4jZUM/tFgYSq7vTqJL1VD9dKrvwxS4sE0ZcXINtkp55CdyBwJ6Cwm8pfoRpnD4FnHahN0A==, registry: https://registry.npmjs.org/, tarball: https://registry.npmmirror.com/@antv/matrix-util/-/matrix-util-3.1.0-beta.3.tgz}
    name: '@antv/matrix-util'
    version: 3.1.0-beta.3
    dependencies:
      '@antv/util': registry.npmmirror.com/@antv/util@2.0.17
      gl-matrix: registry.npmmirror.com/gl-matrix@3.4.3
      tslib: registry.npmmirror.com/tslib@2.5.3
    dev: false

  registry.npmmirror.com/@antv/path-util@2.0.15:
    resolution: {integrity: sha512-R2VLZ5C8PLPtr3VciNyxtjKqJ0XlANzpFb5sE9GE61UQqSRuSVSzIakMxjEPrpqbgc+s+y8i+fmc89Snu7qbNw==, registry: https://registry.npmjs.org/, tarball: https://registry.npmmirror.com/@antv/path-util/-/path-util-2.0.15.tgz}
    name: '@antv/path-util'
    version: 2.0.15
    dependencies:
      '@antv/matrix-util': registry.npmmirror.com/@antv/matrix-util@3.0.4
      '@antv/util': registry.npmmirror.com/@antv/util@2.0.17
      tslib: registry.npmmirror.com/tslib@2.5.3
    dev: false

  registry.npmmirror.com/@antv/scale@0.3.18:
    resolution: {integrity: sha512-GHwE6Lo7S/Q5fgaLPaCsW+CH+3zl4aXpnN1skOiEY0Ue9/u+s2EySv6aDXYkAqs//i0uilMDD/0/4n8caX9U9w==, registry: https://registry.npmjs.org/, tarball: https://registry.npmmirror.com/@antv/scale/-/scale-0.3.18.tgz}
    name: '@antv/scale'
    version: 0.3.18
    dependencies:
      '@antv/util': registry.npmmirror.com/@antv/util@2.0.17
      fecha: registry.npmmirror.com/fecha@4.2.3
      tslib: registry.npmmirror.com/tslib@2.5.3
    dev: false

  registry.npmmirror.com/@antv/util@2.0.17:
    resolution: {integrity: sha512-o6I9hi5CIUvLGDhth0RxNSFDRwXeywmt6ExR4+RmVAzIi48ps6HUy+svxOCayvrPBN37uE6TAc2KDofRo0nK9Q==, registry: https://registry.npmjs.org/, tarball: https://registry.npmmirror.com/@antv/util/-/util-2.0.17.tgz}
    name: '@antv/util'
    version: 2.0.17
    dependencies:
      csstype: registry.npmmirror.com/csstype@3.1.2
      tslib: registry.npmmirror.com/tslib@2.5.3
    dev: false

  registry.npmmirror.com/@types/d3-timer@2.0.1:
    resolution: {integrity: sha512-TF8aoF5cHcLO7W7403blM7L1T+6NF3XMyN3fxyUolq2uOcFeicG/khQg/dGxiCJWoAcmYulYN7LYSRKO54IXaA==, registry: https://registry.npmjs.org/, tarball: https://registry.npmmirror.com/@types/d3-timer/-/d3-timer-2.0.1.tgz}
    name: '@types/d3-timer'
    version: 2.0.1
    dev: false

  registry.npmmirror.com/abs-svg-path@0.1.1:
    resolution: {integrity: sha512-d8XPSGjfyzlXC3Xx891DJRyZfqk5JU0BJrDQcsWomFIV1/BIzPW5HDH5iDdWpqWaav0YVIEzT1RHTwWr0FFshA==, registry: https://registry.npmjs.org/, tarball: https://registry.npmmirror.com/abs-svg-path/-/abs-svg-path-0.1.1.tgz}
    name: abs-svg-path
    version: 0.1.1
    dev: false

  registry.npmmirror.com/commander@2.20.3:
    resolution: {integrity: sha512-GpVkmM8vF2vQUkj2LvZmD35JxeJOLCwJ9cUkugyk2nuhbv3+mJvpLYYt+0+USMxE+oj+ey/lJEnhZw75x/OMcQ==, registry: https://registry.npmjs.org/, tarball: https://registry.npmmirror.com/commander/-/commander-2.20.3.tgz}
    name: commander
    version: 2.20.3
    dev: false

  registry.npmmirror.com/csstype@3.1.2:
    resolution: {integrity: sha512-I7K1Uu0MBPzaFKg4nI5Q7Vs2t+3gWWW648spaF+Rg7pI9ds18Ugn+lvg4SHczUdKlHI5LWBXyqfS8+DufyBsgQ==, registry: https://registry.npmjs.org/, tarball: https://registry.npmmirror.com/csstype/-/csstype-3.1.2.tgz}
    name: csstype
    version: 3.1.2
    dev: false

  registry.npmmirror.com/d3-array@1.2.4:
    resolution: {integrity: sha512-KHW6M86R+FUPYGb3R5XiYjXPq7VzwxZ22buHhAEVG5ztoEcZZMLov530mmccaqA1GghZArjQV46fuc8kUqhhHw==, registry: https://registry.npmjs.org/, tarball: https://registry.npmmirror.com/d3-array/-/d3-array-1.2.4.tgz}
    name: d3-array
    version: 1.2.4
    dev: false

  registry.npmmirror.com/d3-array@2.12.1:
    resolution: {integrity: sha512-B0ErZK/66mHtEsR1TkPEEkwdy+WDesimkM5gpZr5Dsg54BiTA5RXtYW5qTLIAcekaS9xfZrzBLF/OAkB3Qn1YQ==, registry: https://registry.npmjs.org/, tarball: https://registry.npmmirror.com/d3-array/-/d3-array-2.12.1.tgz}
    name: d3-array
    version: 2.12.1
    dependencies:
      internmap: registry.npmmirror.com/internmap@1.0.1
    dev: false

  registry.npmmirror.com/d3-collection@1.0.7:
    resolution: {integrity: sha512-ii0/r5f4sjKNTfh84Di+DpztYwqKhEyUlKoPrzUFfeSkWxjW49xU2QzO9qrPrNkpdI0XJkfzvmTu8V2Zylln6A==, registry: https://registry.npmjs.org/, tarball: https://registry.npmmirror.com/d3-collection/-/d3-collection-1.0.7.tgz}
    name: d3-collection
    version: 1.0.7
    dev: false

  registry.npmmirror.com/d3-color@3.1.0:
    resolution: {integrity: sha512-zg/chbXyeBtMQ1LbD/WSoW2DpC3I0mpmPdW+ynRTj/x2DAWYrIY7qeZIHidozwV24m4iavr15lNwIwLxRmOxhA==, registry: https://registry.npmjs.org/, tarball: https://registry.npmmirror.com/d3-color/-/d3-color-3.1.0.tgz}
    name: d3-color
    version: 3.1.0
    engines: {node: '>=12'}
    dev: false

  registry.npmmirror.com/d3-composite-projections@1.4.0:
    resolution: {integrity: sha512-csygyxdRfy7aUYRPea23veM6sjisdHI+DNd0nHcAGMd2LyL2lklr+xLRzHiJ+hy1HGp6YgAtbqdJR8CsLolrNQ==, registry: https://registry.npmjs.org/, tarball: https://registry.npmmirror.com/d3-composite-projections/-/d3-composite-projections-1.4.0.tgz}
    name: d3-composite-projections
    version: 1.4.0
    dependencies:
      d3-geo: registry.npmmirror.com/d3-geo@2.0.2
      d3-path: registry.npmmirror.com/d3-path@2.0.0
    dev: false

  registry.npmmirror.com/d3-dsv@1.2.0:
    resolution: {integrity: sha512-9yVlqvZcSOMhCYzniHE7EVUws7Fa1zgw+/EAV2BxJoG3ME19V6BQFBwI855XQDsxyOuG7NibqRMTtiF/Qup46g==, registry: https://registry.npmjs.org/, tarball: https://registry.npmmirror.com/d3-dsv/-/d3-dsv-1.2.0.tgz}
    name: d3-dsv
    version: 1.2.0
    hasBin: true
    dependencies:
      commander: registry.npmmirror.com/commander@2.20.3
      iconv-lite: registry.npmmirror.com/iconv-lite@0.4.24
      rw: registry.npmmirror.com/rw@1.3.3
    dev: false

  registry.npmmirror.com/d3-ease@1.0.7:
    resolution: {integrity: sha512-lx14ZPYkhNx0s/2HX5sLFUI3mbasHjSSpwO/KaaNACweVwxUruKyWVcb293wMv1RqTPZyZ8kSZ2NogUZNcLOFQ==, registry: https://registry.npmjs.org/, tarball: https://registry.npmmirror.com/d3-ease/-/d3-ease-1.0.7.tgz}
    name: d3-ease
    version: 1.0.7
    dev: false

  registry.npmmirror.com/d3-geo-projection@2.1.2:
    resolution: {integrity: sha512-zft6RRvPaB1qplTodBVcSH5Ftvmvvg0qoDiqpt+fyNthGr/qr+DD30cizNDluXjW7jmo7EKUTjvFCAHofv08Ow==, registry: https://registry.npmjs.org/, tarball: https://registry.npmmirror.com/d3-geo-projection/-/d3-geo-projection-2.1.2.tgz}
    name: d3-geo-projection
    version: 2.1.2
    hasBin: true
    dependencies:
      commander: registry.npmmirror.com/commander@2.20.3
      d3-array: registry.npmmirror.com/d3-array@1.2.4
      d3-geo: registry.npmmirror.com/d3-geo@1.6.4
    dev: false

  registry.npmmirror.com/d3-geo@1.6.4:
    resolution: {integrity: sha512-O5Q3iftLc6/EdU1MHUm+O29NoKKN/cyQtySnD9/yEEcinN+q4ng+H56e2Yn1YWdfZBoiaRVtR2NoJ3ivKX5ptQ==, registry: https://registry.npmjs.org/, tarball: https://registry.npmmirror.com/d3-geo/-/d3-geo-1.6.4.tgz}
    name: d3-geo
    version: 1.6.4
    dependencies:
      d3-array: registry.npmmirror.com/d3-array@1.2.4
    dev: false

  registry.npmmirror.com/d3-geo@2.0.2:
    resolution: {integrity: sha512-8pM1WGMLGFuhq9S+FpPURxic+gKzjluCD/CHTuUF3mXMeiCo0i6R0tO1s4+GArRFde96SLcW/kOFRjoAosPsFA==, registry: https://registry.npmjs.org/, tarball: https://registry.npmmirror.com/d3-geo/-/d3-geo-2.0.2.tgz}
    name: d3-geo
    version: 2.0.2
    dependencies:
      d3-array: registry.npmmirror.com/d3-array@2.12.1
    dev: false

  registry.npmmirror.com/d3-hexjson@1.1.1:
    resolution: {integrity: sha512-WMF1juFJwAx6LzdEVKlsCGZz+7QUG7VMJDtg8uD3cfNwWOTgMiy6qBRRGU7LSY2KbmEObu3BV5ZQbq9l/BvUZQ==, registry: https://registry.npmjs.org/, tarball: https://registry.npmmirror.com/d3-hexjson/-/d3-hexjson-1.1.1.tgz}
    name: d3-hexjson
    version: 1.1.1
    dependencies:
      d3-array: registry.npmmirror.com/d3-array@1.2.4
    dev: false

  registry.npmmirror.com/d3-hierarchy@1.1.9:
    resolution: {integrity: sha512-j8tPxlqh1srJHAtxfvOUwKNYJkQuBFdM1+JAUfq6xqH5eAqf93L7oG1NVqDa4CpFZNvnNKtCYEUC8KY9yEn9lQ==, registry: https://registry.npmjs.org/, tarball: https://registry.npmmirror.com/d3-hierarchy/-/d3-hierarchy-1.1.9.tgz}
    name: d3-hierarchy
    version: 1.1.9
    dev: false

  registry.npmmirror.com/d3-interpolate@3.0.1:
    resolution: {integrity: sha512-3bYs1rOD33uo8aqJfKP3JWPAibgw8Zm2+L9vBKEHJ2Rg+viTR7o5Mmv5mZcieN+FRYaAOWX5SJATX6k1PWz72g==, registry: https://registry.npmjs.org/, tarball: https://registry.npmmirror.com/d3-interpolate/-/d3-interpolate-3.0.1.tgz}
    name: d3-interpolate
    version: 3.0.1
    engines: {node: '>=12'}
    dependencies:
      d3-color: registry.npmmirror.com/d3-color@3.1.0
    dev: false

  registry.npmmirror.com/d3-path@1.0.9:
    resolution: {integrity: sha512-VLaYcn81dtHVTjEHd8B+pbe9yHWpXKZUC87PzoFmsFrJqgFwDe/qxfp5MlfsfM1V5E/iVt0MmEbWQ7FVIXh/bg==, registry: https://registry.npmjs.org/, tarball: https://registry.npmmirror.com/d3-path/-/d3-path-1.0.9.tgz}
    name: d3-path
    version: 1.0.9
    dev: false

  registry.npmmirror.com/d3-path@2.0.0:
    resolution: {integrity: sha512-ZwZQxKhBnv9yHaiWd6ZU4x5BtCQ7pXszEV9CU6kRgwIQVQGLMv1oiL4M+MK/n79sYzsj+gcgpPQSctJUsLN7fA==, registry: https://registry.npmjs.org/, tarball: https://registry.npmmirror.com/d3-path/-/d3-path-2.0.0.tgz}
    name: d3-path
    version: 2.0.0
    dev: false

  registry.npmmirror.com/d3-sankey@0.9.1:
    resolution: {integrity: sha512-nnRkDaUMjBdeuGg+kWGdA+tjG1AVTnJ+Ykw7ff7CZHVI17Hm5sy8n0UXykVffn13aNHwK5wPOdOt1gS1ZEaF+A==, registry: https://registry.npmjs.org/, tarball: https://registry.npmmirror.com/d3-sankey/-/d3-sankey-0.9.1.tgz}
    name: d3-sankey
    version: 0.9.1
    dependencies:
      d3-array: registry.npmmirror.com/d3-array@1.2.4
      d3-collection: registry.npmmirror.com/d3-collection@1.0.7
      d3-shape: registry.npmmirror.com/d3-shape@1.3.7
    dev: false

  registry.npmmirror.com/d3-shape@1.3.7:
    resolution: {integrity: sha512-EUkvKjqPFUAZyOlhY5gzCxCeI0Aep04LwIRpsZ/mLFelJiUfnK56jo5JMDSE7yyP2kLSb6LtF+S5chMk7uqPqw==, registry: https://registry.npmjs.org/, tarball: https://registry.npmmirror.com/d3-shape/-/d3-shape-1.3.7.tgz}
    name: d3-shape
    version: 1.3.7
    dependencies:
      d3-path: registry.npmmirror.com/d3-path@1.0.9
    dev: false

  registry.npmmirror.com/d3-timer@1.0.10:
    resolution: {integrity: sha512-B1JDm0XDaQC+uvo4DT79H0XmBskgS3l6Ve+1SBCfxgmtIb1AVrPIoqd+nPSv+loMX8szQ0sVUhGngL7D5QPiXw==, registry: https://registry.npmjs.org/, tarball: https://registry.npmmirror.com/d3-timer/-/d3-timer-1.0.10.tgz}
    name: d3-timer
    version: 1.0.10
    dev: false

  registry.npmmirror.com/d3-voronoi@1.1.4:
    resolution: {integrity: sha512-dArJ32hchFsrQ8uMiTBLq256MpnZjeuBtdHpaDlYuQyjU0CVzCJl/BVW+SkszaAeH95D/8gxqAhgx0ouAWAfRg==, registry: https://registry.npmjs.org/, tarball: https://registry.npmmirror.com/d3-voronoi/-/d3-voronoi-1.1.4.tgz}
    name: d3-voronoi
    version: 1.1.4
    dev: false

  registry.npmmirror.com/dagre@0.8.5:
    resolution: {integrity: sha512-/aTqmnRta7x7MCCpExk7HQL2O4owCT2h8NT//9I1OQ9vt29Pa0BzSAkR5lwFUcQ7491yVi/3CXU9jQ5o0Mn2Sw==, registry: https://registry.npmjs.org/, tarball: https://registry.npmmirror.com/dagre/-/dagre-0.8.5.tgz}
    name: dagre
    version: 0.8.5
    dependencies:
      graphlib: registry.npmmirror.com/graphlib@2.1.8
      lodash: registry.npmmirror.com/lodash@4.17.21
    dev: false

  registry.npmmirror.com/detect-browser@5.3.0:
    resolution: {integrity: sha512-53rsFbGdwMwlF7qvCt0ypLM5V5/Mbl0szB7GPN8y9NCcbknYOeVVXdrXEq+90IwAfrrzt6Hd+u2E2ntakICU8w==, registry: https://registry.npmjs.org/, tarball: https://registry.npmmirror.com/detect-browser/-/detect-browser-5.3.0.tgz}
    name: detect-browser
    version: 5.3.0
    dev: false

  registry.npmmirror.com/echarts@5.4.2:
    resolution: {integrity: sha512-2W3vw3oI2tWJdyAz+b8DuWS0nfXtSDqlDmqgin/lfzbkB01cuMEN66KWBlmur3YMp5nEDEEt5s23pllnAzB4EA==, registry: https://registry.npmjs.org/, tarball: https://registry.npmmirror.com/echarts/-/echarts-5.4.2.tgz}
    name: echarts
    version: 5.4.2
    dependencies:
      tslib: registry.npmmirror.com/tslib@2.3.0
      zrender: registry.npmmirror.com/zrender@5.4.3
    dev: false

  registry.npmmirror.com/fecha@4.2.3:
    resolution: {integrity: sha512-OP2IUU6HeYKJi3i0z4A19kHMQoLVs4Hc+DPqqxI2h/DPZHTm/vjsfC6P0b4jCMy14XizLBqvndQ+UilD7707Jw==, registry: https://registry.npmjs.org/, tarball: https://registry.npmmirror.com/fecha/-/fecha-4.2.3.tgz}
    name: fecha
    version: 4.2.3
    dev: false

  registry.npmmirror.com/gl-matrix@3.4.3:
    resolution: {integrity: sha512-wcCp8vu8FT22BnvKVPjXa/ICBWRq/zjFfdofZy1WSpQZpphblv12/bOQLBC1rMM7SGOFS9ltVmKOHil5+Ml7gA==, registry: https://registry.npmjs.org/, tarball: https://registry.npmmirror.com/gl-matrix/-/gl-matrix-3.4.3.tgz}
    name: gl-matrix
    version: 3.4.3
    dev: false

  registry.npmmirror.com/graphlib@2.1.8:
    resolution: {integrity: sha512-jcLLfkpoVGmH7/InMC/1hIvOPSUh38oJtGhvrOFGzioE1DZ+0YW16RgmOJhHiuWTvGiJQ9Z1Ik43JvkRPRvE+A==, registry: https://registry.npmjs.org/, tarball: https://registry.npmmirror.com/graphlib/-/graphlib-2.1.8.tgz}
    name: graphlib
    version: 2.1.8
    dependencies:
      lodash: registry.npmmirror.com/lodash@4.17.21
    dev: false

  registry.npmmirror.com/iconv-lite@0.4.24:
    resolution: {integrity: sha512-v3MXnZAcvnywkTUEZomIActle7RXXeedOR31wwl7VlyoXO4Qi9arvSenNQWne1TcRwhCL1HwLI21bEqdpj8/rA==, registry: https://registry.npmjs.org/, tarball: https://registry.npmmirror.com/iconv-lite/-/iconv-lite-0.4.24.tgz}
    name: iconv-lite
    version: 0.4.24
    engines: {node: '>=0.10.0'}
    dependencies:
      safer-buffer: registry.npmmirror.com/safer-buffer@2.1.2
    dev: false

  registry.npmmirror.com/internmap@1.0.1:
    resolution: {integrity: sha512-lDB5YccMydFBtasVtxnZ3MRBHuaoE8GKsppq+EchKL2U4nK/DmEpPHNH8MZe5HkMtpSiTSOZwfN0tzYjO/lJEw==, registry: https://registry.npmjs.org/, tarball: https://registry.npmmirror.com/internmap/-/internmap-1.0.1.tgz}
    name: internmap
    version: 1.0.1
    dev: false

  registry.npmmirror.com/isarray@0.0.1:
    resolution: {integrity: sha512-D2S+3GLxWH+uhrNEcoh/fnmYeP8E8/zHl644d/jdA0g2uyXvy3sb0qxotE+ne0LtccHknQzWwZEzhak7oJ0COQ==, registry: https://registry.npmjs.org/, tarball: https://registry.npmmirror.com/isarray/-/isarray-0.0.1.tgz}
    name: isarray
    version: 0.0.1
    dev: false

  registry.npmmirror.com/lodash@4.17.21:
    resolution: {integrity: sha512-v2kDEe57lecTulaDIuNTPy3Ry4gLGJ6Z1O3vE1krgXZNrsQ+LFTGHVxVjcXPs17LhbZVGedAJv8XZ1tvj5FvSg==, registry: https://registry.npmjs.org/, tarball: https://registry.npmmirror.com/lodash/-/lodash-4.17.21.tgz}
    name: lodash
    version: 4.17.21
    dev: false

  registry.npmmirror.com/parse-svg-path@0.1.2:
    resolution: {integrity: sha512-JyPSBnkTJ0AI8GGJLfMXvKq42cj5c006fnLz6fXy6zfoVjJizi8BNTpu8on8ziI1cKy9d9DGNuY17Ce7wuejpQ==, registry: https://registry.npmjs.org/, tarball: https://registry.npmmirror.com/parse-svg-path/-/parse-svg-path-0.1.2.tgz}
    name: parse-svg-path
    version: 0.1.2
    dev: false

  registry.npmmirror.com/point-at-length@1.1.0:
    resolution: {integrity: sha512-nNHDk9rNEh/91o2Y8kHLzBLNpLf80RYd2gCun9ss+V0ytRSf6XhryBTx071fesktjbachRmGuUbId+JQmzhRXw==, registry: https://registry.npmjs.org/, tarball: https://registry.npmmirror.com/point-at-length/-/point-at-length-1.1.0.tgz}
    name: point-at-length
    version: 1.1.0
    dependencies:
      abs-svg-path: registry.npmmirror.com/abs-svg-path@0.1.1
      isarray: registry.npmmirror.com/isarray@0.0.1
      parse-svg-path: registry.npmmirror.com/parse-svg-path@0.1.2
    dev: false

  registry.npmmirror.com/regression@2.0.1:
    resolution: {integrity: sha512-A4XYsc37dsBaNOgEjkJKzfJlE394IMmUPlI/p3TTI9u3T+2a+eox5Pr/CPUqF0eszeWZJPAc6QkroAhuUpWDJQ==, registry: https://registry.npmjs.org/, tarball: https://registry.npmmirror.com/regression/-/regression-2.0.1.tgz}
    name: regression
    version: 2.0.1
    dev: false

  registry.npmmirror.com/resize-detector@0.3.0:
    resolution: {integrity: sha512-R/tCuvuOHQ8o2boRP6vgx8hXCCy87H1eY9V5imBYeVNyNVpuL9ciReSccLj2gDcax9+2weXy3bc8Vv+NRXeEvQ==, registry: https://registry.npmjs.org/, tarball: https://registry.npmmirror.com/resize-detector/-/resize-detector-0.3.0.tgz}
    name: resize-detector
    version: 0.3.0
    dev: false

  registry.npmmirror.com/rw@1.3.3:
    resolution: {integrity: sha512-PdhdWy89SiZogBLaw42zdeqtRJ//zFd2PgQavcICDUgJT5oW10QCRKbJ6bg4r0/UY2M6BWd5tkxuGFRvCkgfHQ==, registry: https://registry.npmjs.org/, tarball: https://registry.npmmirror.com/rw/-/rw-1.3.3.tgz}
    name: rw
    version: 1.3.3
    dev: false

  registry.npmmirror.com/safer-buffer@2.1.2:
    resolution: {integrity: sha512-YZo3K82SD7Riyi0E1EQPojLz7kpepnSQI9IyPbHHg1XXXevb5dJI7tpyN2ADxGcQbHG7vcyRHk0cbwqcQriUtg==, registry: https://registry.npmjs.org/, tarball: https://registry.npmmirror.com/safer-buffer/-/safer-buffer-2.1.2.tgz}
    name: safer-buffer
    version: 2.1.2
    dev: false

  registry.npmmirror.com/simple-statistics@6.1.1:
    resolution: {integrity: sha512-zGwn0DDRa9Zel4H4n2pjTFIyGoAGpnpjrGIctreCxj5XWrcx9v7Xy7270FkC967WMmcvuc8ZU7m0ZG+hGN7gAA==, registry: https://registry.npmjs.org/, tarball: https://registry.npmmirror.com/simple-statistics/-/simple-statistics-6.1.1.tgz}
    name: simple-statistics
    version: 6.1.1
    dev: false

  registry.npmmirror.com/topojson-client@3.1.0:
    resolution: {integrity: sha512-605uxS6bcYxGXw9qi62XyrV6Q3xwbndjachmNxu8HWTtVPxZfEJN9fd/SZS1Q54Sn2y0TMyMxFj/cJINqGHrKw==, registry: https://registry.npmjs.org/, tarball: https://registry.npmmirror.com/topojson-client/-/topojson-client-3.1.0.tgz}
    name: topojson-client
    version: 3.1.0
    hasBin: true
    dependencies:
      commander: registry.npmmirror.com/commander@2.20.3
    dev: false

  registry.npmmirror.com/tslib@1.14.1:
    resolution: {integrity: sha512-Xni35NKzjgMrwevysHTCArtLDpPvye8zV/0E4EyYn43P7/7qvQwPh9BGkHewbMulVntbigmcT7rdX3BNo9wRJg==, registry: https://registry.npmjs.org/, tarball: https://registry.npmmirror.com/tslib/-/tslib-1.14.1.tgz}
    name: tslib
    version: 1.14.1
    dev: false

  registry.npmmirror.com/tslib@2.3.0:
    resolution: {integrity: sha512-N82ooyxVNm6h1riLCoyS9e3fuJ3AMG2zIZs2Gd1ATcSFjSA23Q0fzjjZeh0jbJvWVDZ0cJT8yaNNaaXHzueNjg==, registry: https://registry.npmjs.org/, tarball: https://registry.npmmirror.com/tslib/-/tslib-2.3.0.tgz}
    name: tslib
    version: 2.3.0
    dev: false

  registry.npmmirror.com/tslib@2.5.3:
    resolution: {integrity: sha512-mSxlJJwl3BMEQCUNnxXBU9jP4JBktcEGhURcPR6VQVlnP0FdDEsIaz0C35dXNGLyRfrATNofF0F5p2KPxQgB+w==, registry: https://registry.npmjs.org/, tarball: https://registry.npmmirror.com/tslib/-/tslib-2.5.3.tgz}
    name: tslib
    version: 2.5.3
    dev: false

  registry.npmmirror.com/vue-demi@0.13.11(vue@3.3.4):
    resolution: {integrity: sha512-IR8HoEEGM65YY3ZJYAjMlKygDQn25D5ajNFNoKh9RSDMQtlzCxtfQjdQgv9jjK+m3377SsJXY8ysq8kLCZL25A==, registry: https://registry.npmjs.org/, tarball: https://registry.npmmirror.com/vue-demi/-/vue-demi-0.13.11.tgz}
    id: registry.npmmirror.com/vue-demi/0.13.11
    name: vue-demi
    version: 0.13.11
    engines: {node: '>=12'}
    hasBin: true
    requiresBuild: true
    peerDependencies:
      '@vue/composition-api': ^1.0.0-rc.1
      vue: ^3.0.0-0 || ^2.6.0
    peerDependenciesMeta:
      '@vue/composition-api':
        optional: true
    dependencies:
      vue: 3.3.4
    dev: false

  registry.npmmirror.com/vue-echarts@6.5.5(echarts@5.4.2)(vue@3.3.4):
    resolution: {integrity: sha512-KJD1MSyoMQ33q8M4hM45OYeSC+t7LzesIXQOrkRSXv4xhOi0iN+6yEjQuIuqRB9zZGCT2J4bK3eQ+1ttdz4Uag==, registry: https://registry.npmjs.org/, tarball: https://registry.npmmirror.com/vue-echarts/-/vue-echarts-6.5.5.tgz}
    id: registry.npmmirror.com/vue-echarts/6.5.5
    name: vue-echarts
    version: 6.5.5
    requiresBuild: true
    peerDependencies:
      '@vue/composition-api': ^1.0.5
      echarts: ^5.4.1
      vue: ^2.6.12 || ^3.1.1
    peerDependenciesMeta:
      '@vue/composition-api':
        optional: true
    dependencies:
      echarts: registry.npmmirror.com/echarts@5.4.2
      resize-detector: registry.npmmirror.com/resize-detector@0.3.0
      vue: 3.3.4
      vue-demi: registry.npmmirror.com/vue-demi@0.13.11(vue@3.3.4)
    dev: false

  registry.npmmirror.com/wolfy87-eventemitter@5.2.9:
    resolution: {integrity: sha512-P+6vtWyuDw+MB01X7UeF8TaHBvbCovf4HPEMF/SV7BdDc1SMTiBy13SRD71lQh4ExFTG1d/WNzDGDCyOKSMblw==, registry: https://registry.npmjs.org/, tarball: https://registry.npmmirror.com/wolfy87-eventemitter/-/wolfy87-eventemitter-5.2.9.tgz}
    name: wolfy87-eventemitter
    version: 5.2.9
    dev: false

  registry.npmmirror.com/zrender@5.4.3:
    resolution: {integrity: sha512-DRUM4ZLnoaT0PBVvGBDO9oWIDBKFdAVieNWxWwK0niYzJCMwGchRk21/hsE+RKkIveH3XHCyvXcJDkgLVvfizQ==, registry: https://registry.npmjs.org/, tarball: https://registry.npmmirror.com/zrender/-/zrender-5.4.3.tgz}
    name: zrender
    version: 5.4.3
    dependencies:
      tslib: registry.npmmirror.com/tslib@2.3.0
    dev: false
